// !$*UTF8*$!
{
	archiveVersion = 1;
	classes = {
	};
	objectVersion = 46;
	objects = {

/* Begin PBXBuildFile section */
		A07E7EEC1C86318B00E6336D /* AppDelegate.swift in Sources */ = {isa = PBXBuildFile; fileRef = A07E7EEB1C86318B00E6336D /* AppDelegate.swift */; };
		A07E7EEE1C86318B00E6336D /* ViewController.swift in Sources */ = {isa = PBXBuildFile; fileRef = A07E7EED1C86318B00E6336D /* ViewController.swift */; };
		A07E7EF11C86318B00E6336D /* Main.storyboard in Resources */ = {isa = PBXBuildFile; fileRef = A07E7EEF1C86318B00E6336D /* Main.storyboard */; };
		A07E7EF31C86318B00E6336D /* Assets.xcassets in Resources */ = {isa = PBXBuildFile; fileRef = A07E7EF21C86318B00E6336D /* Assets.xcassets */; };
		A07E7EF61C86318B00E6336D /* LaunchScreen.storyboard in Resources */ = {isa = PBXBuildFile; fileRef = A07E7EF41C86318B00E6336D /* LaunchScreen.storyboard */; };
/* End PBXBuildFile section */

/* Begin PBXFileReference section */
		A07E7EE81C86318A00E6336D /* testingattirbutedLabel.app */ = {isa = PBXFileReference; explicitFileType = wrapper.application; includeInIndex = 0; path = testingattirbutedLabel.app; sourceTree = BUILT_PRODUCTS_DIR; };
		A07E7EEB1C86318B00E6336D /* AppDelegate.swift */ = {isa = PBXFileReference; lastKnownFileType = sourcecode.swift; path = AppDelegate.swift; sourceTree = "<group>"; };
		A07E7EED1C86318B00E6336D /* ViewController.swift */ = {isa = PBXFileReference; lastKnownFileType = sourcecode.swift; path = ViewController.swift; sourceTree = "<group>"; };
		A07E7EF01C86318B00E6336D /* Base */ = {isa = PBXFileReference; lastKnownFileType = file.storyboard; name = Base; path = Base.lproj/Main.storyboard; sourceTree = "<group>"; };
		A07E7EF21C86318B00E6336D /* Assets.xcassets */ = {isa = PBXFileReference; lastKnownFileType = folder.assetcatalog; path = Assets.xcassets; sourceTree = "<group>"; };
		A07E7EF51C86318B00E6336D /* Base */ = {isa = PBXFileReference; lastKnownFileType = file.storyboard; name = Base; path = Base.lproj/LaunchScreen.storyboard; sourceTree = "<group>"; };
		A07E7EF71C86318B00E6336D /* Info.plist */ = {isa = PBXFileReference; lastKnownFileType = text.plist.xml; path = Info.plist; sourceTree = "<group>"; };
/* End PBXFileReference section */

/* Begin PBXFrameworksBuildPhase section */
		A07E7EE51C86318A00E6336D /* Frameworks */ = {
			isa = PBXFrameworksBuildPhase;
			buildActionMask = 2147483647;
			files = (
			);
			runOnlyForDeploymentPostprocessing = 0;
		};
/* End PBXFrameworksBuildPhase section */

/* Begin PBXGroup section */
		A07E7EDF1C86318A00E6336D = {
			isa = PBXGroup;
			children = (
				A07E7EEA1C86318A00E6336D /* testingattirbutedLabel */,
				A07E7EE91C86318A00E6336D /* Products */,
			);
			sourceTree = "<group>";
		};
		A07E7EE91C86318A00E6336D /* Products */ = {
			isa = PBXGroup;
			children = (
				A07E7EE81C86318A00E6336D /* testingattirbutedLabel.app */,
			);
			name = Products;
			sourceTree = "<group>";
		};
		A07E7EEA1C86318A00E6336D /* testingattirbutedLabel */ = {
			isa = PBXGroup;
			children = (
				A07E7EEB1C86318B00E6336D /* AppDelegate.swift */,
				A07E7EED1C86318B00E6336D /* ViewController.swift */,
				A07E7EEF1C86318B00E6336D /* Main.storyboard */,
				A07E7EF21C86318B00E6336D /* Assets.xcassets */,
				A07E7EF41C86318B00E6336D /* LaunchScreen.storyboard */,
				A07E7EF71C86318B00E6336D /* Info.plist */,
			);
			path = testingattirbutedLabel;
			sourceTree = "<group>";
		};
/* End PBXGroup section */

/* Begin PBXNativeTarget section */
		A07E7EE71C86318A00E6336D /* testingattirbutedLabel */ = {
			isa = PBXNativeTarget;
			buildConfigurationList = A07E7EFA1C86318B00E6336D /* Build configuration list for PBXNativeTarget "testingattirbutedLabel" */;
			buildPhases = (
				A07E7EE41C86318A00E6336D /* Sources */,
				A07E7EE51C86318A00E6336D /* Frameworks */,
				A07E7EE61C86318A00E6336D /* Resources */,
			);
			buildRules = (
			);
			dependencies = (
			);
			name = testingattirbutedLabel;
			productName = testingattirbutedLabel;
			productReference = A07E7EE81C86318A00E6336D /* testingattirbutedLabel.app */;
			productType = "com.apple.product-type.application";
		};
/* End PBXNativeTarget section */

/* Begin PBXProject section */
		A07E7EE01C86318A00E6336D /* Project object */ = {
			isa = PBXProject;
			attributes = {
				LastSwiftUpdateCheck = 0720;
				LastUpgradeCheck = 0720;
				ORGANIZATIONNAME = "Subash Dantuluri";
				TargetAttributes = {
					A07E7EE71C86318A00E6336D = {
						CreatedOnToolsVersion = 7.2.1;
					};
				};
			};
			buildConfigurationList = A07E7EE31C86318A00E6336D /* Build configuration list for PBXProject "testingattirbutedLabel" */;
			compatibilityVersion = "Xcode 3.2";
			developmentRegion = English;
			hasScannedForEncodings = 0;
			knownRegions = (
				en,
				Base,
			);
			mainGroup = A07E7EDF1C86318A00E6336D;
			productRefGroup = A07E7EE91C86318A00E6336D /* Products */;
			projectDirPath = "";
			projectRoot = "";
			targets = (
				A07E7EE71C86318A00E6336D /* testingattirbutedLabel */,
			);
		};
/* End PBXProject section */

/* Begin PBXResourcesBuildPhase section */
		A07E7EE61C86318A00E6336D /* Resources */ = {
			isa = PBXResourcesBuildPhase;
			buildActionMask = 2147483647;
			files = (
				A07E7EF61C86318B00E6336D /* LaunchScreen.storyboard in Resources */,
				A07E7EF31C86318B00E6336D /* Assets.xcassets in Resources */,
				A07E7EF11C86318B00E6336D /* Main.storyboard in Resources */,
			);
			runOnlyForDeploymentPostprocessing = 0;
		};
/* End PBXResourcesBuildPhase section */

/* Begin PBXSourcesBuildPhase section */
		A07E7EE41C86318A00E6336D /* Sources */ = {
			isa = PBXSourcesBuildPhase;
			buildActionMask = 2147483647;
			files = (
				A07E7EEE1C86318B00E6336D /* ViewController.swift in Sources */,
				A07E7EEC1C86318B00E6336D /* AppDelegate.swift in Sources */,
			);
			runOnlyForDeploymentPostprocessing = 0;
		};
/* End PBXSourcesBuildPhase section */

/* Begin PBXVariantGroup section */
		A07E7EEF1C86318B00E6336D /* Main.storyboard */ = {
			isa = PBXVariantGroup;
			children = (
				A07E7EF01C86318B00E6336D /* Base */,
			);
			name = Main.storyboard;
			sourceTree = "<group>";
		};
		A07E7EF41C86318B00E6336D /* LaunchScreen.storyboard */ = {
			isa = PBXVariantGroup;
			children = (
				A07E7EF51C86318B00E6336D /* Base */,
			);
			name = LaunchScreen.storyboard;
			sourceTree = "<group>";
		};
/* End PBXVariantGroup section */

/* Begin XCBuildConfiguration section */
		A07E7EF81C86318B00E6336D /* Debug */ = {
			isa = XCBuildConfiguration;
			buildSettings = {
				ALWAYS_SEARCH_USER_PATHS = NO;
				CLANG_CXX_LANGUAGE_STANDARD = "gnu++0x";
				CLANG_CXX_LIBRARY = "libc++";
				CLANG_ENABLE_MODULES = YES;
				CLANG_ENABLE_OBJC_ARC = YES;
				CLANG_WARN_BOOL_CONVERSION = YES;
				CLANG_WARN_CONSTANT_CONVERSION = YES;
				CLANG_WARN_DIRECT_OBJC_ISA_USAGE = YES_ERROR;
				CLANG_WARN_EMPTY_BODY = YES;
				CLANG_WARN_ENUM_CONVERSION = YES;
				CLANG_WARN_INT_CONVERSION = YES;
				CLANG_WARN_OBJC_ROOT_CLASS = YES_ERROR;
				CLANG_WARN_UNREACHABLE_CODE = YES;
				CLANG_WARN__DUPLICATE_METHOD_MATCH = YES;
				"CODE_SIGN_IDENTITY[sdk=iphoneos*]" = "iPhone Developer";
				COPY_PHASE_STRIP = NO;
				DEBUG_INFORMATION_FORMAT = dwarf;
				ENABLE_STRICT_OBJC_MSGSEND = YES;
				ENABLE_TESTABILITY = YES;
				GCC_C_LANGUAGE_STANDARD = gnu99;
				GCC_DYNAMIC_NO_PIC = NO;
				GCC_NO_COMMON_BLOCKS = YES;
				GCC_OPTIMIZATION_LEVEL = 0;
				GCC_PREPROCESSOR_DEFINITIONS = (
					"DEBUG=1",
					"$(inherited)",
				);
				GCC_WARN_64_TO_32_BIT_CONVERSION = YES;
				GCC_WARN_ABOUT_RETURN_TYPE = YES_ERROR;
				GCC_WARN_UNDECLARED_SELECTOR = YES;
				GCC_WARN_UNINITIALIZED_AUTOS = YES_AGGRESSIVE;
				GCC_WARN_UNUSED_FUNCTION = YES;
				GCC_WARN_UNUSED_VARIABLE = YES;
				IPHONEOS_DEPLOYMENT_TARGET = 9.2;
				MTL_ENABLE_DEBUG_INFO = YES;
				ONLY_ACTIVE_ARCH = YES;
				SDKROOT = iphoneos;
				SWIFT_OPTIMIZATION_LEVEL = "-Onone";
				TARGETED_DEVICE_FAMILY = "1,2";
			};
			name = Debug;
		};
		A07E7EF91C86318B00E6336D /* Release */ = {
			isa = XCBuildConfiguration;
			buildSettings = {
				ALWAYS_SEARCH_USER_PATHS = NO;
				CLANG_CXX_LANGUAGE_STANDARD = "gnu++0x";
				CLANG_CXX_LIBRARY = "libc++";
				CLANG_ENABLE_MODULES = YES;
				CLANG_ENABLE_OBJC_ARC = YES;
				CLANG_WARN_BOOL_CONVERSION = YES;
				CLANG_WARN_CONSTANT_CONVERSION = YES;
				CLANG_WARN_DIRECT_OBJC_ISA_USAGE = YES_ERROR;
				CLANG_WARN_EMPTY_BODY = YES;
				CLANG_WARN_ENUM_CONVERSION = YES;
				CLANG_WARN_INT_CONVERSION = YES;
				CLANG_WARN_OBJC_ROOT_CLASS = YES_ERROR;
				CLANG_WARN_UNREACHABLE_CODE = YES;
				CLANG_WARN__DUPLICATE_METHOD_MATCH = YES;
				"CODE_SIGN_IDENTITY[sdk=iphoneos*]" = "iPhone Developer";
				COPY_PHASE_STRIP = NO;
				DEBUG_INFORMATION_FORMAT = "dwarf-with-dsym";
				ENABLE_NS_ASSERTIONS = NO;
				ENABLE_STRICT_OBJC_MSGSEND = YES;
				GCC_C_LANGUAGE_STANDARD = gnu99;
				GCC_NO_COMMON_BLOCKS = YES;
				GCC_WARN_64_TO_32_BIT_CONVERSION = YES;
				GCC_WARN_ABOUT_RETURN_TYPE = YES_ERROR;
				GCC_WARN_UNDECLARED_SELECTOR = YES;
				GCC_WARN_UNINITIALIZED_AUTOS = YES_AGGRESSIVE;
				GCC_WARN_UNUSED_FUNCTION = YES;
				GCC_WARN_UNUSED_VARIABLE = YES;
				IPHONEOS_DEPLOYMENT_TARGET = 9.2;
				MTL_ENABLE_DEBUG_INFO = NO;
				SDKROOT = iphoneos;
				TARGETED_DEVICE_FAMILY = "1,2";
				VALIDATE_PRODUCT = YES;
			};
			name = Release;
		};
		A07E7EFB1C86318B00E6336D /* Debug */ = {
			isa = XCBuildConfiguration;
			buildSettings = {
				ASSETCATALOG_COMPILER_APPICON_NAME = AppIcon;
				INFOPLIST_FILE = testingattirbutedLabel/Info.plist;
				LD_RUNPATH_SEARCH_PATHS = "$(inherited) @executable_path/Frameworks";
				PRODUCT_BUNDLE_IDENTIFIER = Apple.testingattirbutedLabel;
				PRODUCT_NAME = "$(TARGET_NAME)";
			};
			name = Debug;
		};
		A07E7EFC1C86318B00E6336D /* Release */ = {
			isa = XCBuildConfiguration;
			buildSettings = {
				ASSETCATALOG_COMPILER_APPICON_NAME = AppIcon;
				INFOPLIST_FILE = testingattirbutedLabel/Info.plist;
				LD_RUNPATH_SEARCH_PATHS = "$(inherited) @executable_path/Frameworks";
				PRODUCT_BUNDLE_IDENTIFIER = Apple.testingattirbutedLabel;
				PRODUCT_NAME = "$(TARGET_NAME)";
			};
			name = Release;
		};
/* End XCBuildConfiguration section */

/* Begin XCConfigurationList section */
		A07E7EE31C86318A00E6336D /* Build configuration list for PBXProject "testingattirbutedLabel" */ = {
			isa = XCConfigurationList;
			buildConfigurations = (
				A07E7EF81C86318B00E6336D /* Debug */,
				A07E7EF91C86318B00E6336D /* Release */,
			);
			defaultConfigurationIsVisible = 0;
			defaultConfigurationName = Release;
		};
		A07E7EFA1C86318B00E6336D /* Build configuration list for PBXNativeTarget "testingattirbutedLabel" */ = {
			isa = XCConfigurationList;
			buildConfigurations = (
				A07E7EFB1C86318B00E6336D /* Debug */,
				A07E7EFC1C86318B00E6336D /* Release */,
			);
			defaultConfigurationIsVisible = 0;
		};
/* End XCConfigurationList section */
	};
	rootObject = A07E7EE01C86318A00E6336D /* Project object */;
}
